{
  "version": 4,
  "terraform_version": "1.2.9",
  "serial": 12,
  "lineage": "c4a91a16-ecc4-e025-528c-5712c7d61d41",
  "outputs": {},
  "resources": [
    {
      "mode": "data",
      "type": "google_client_config",
      "name": "default",
      "provider": "provider[\"registry.terraform.io/hashicorp/google\"]",
      "instances": [
        {
          "schema_version": 0,
          "attributes": {
            "access_token": "ya29.a0AeTM1if799DZslx9ZTSM0btMrUv8ftjMItnsQ7WymRyNcNqy6qC3HoqYR5KkxW_0SF0dCGpR4cdTcwxTD1fXsiJ6GzFfpqKWt4N-oZKtjfbziiili8i_OsODVK4IN33qpZXc-y2Dq1FVy8BUmhSoZiz2MjRXaCgYKAXISARESFQHWtWOmnzJ8jFdYx67wX09xtgtMkA0163",
            "id": "projects/coursinfra-370114/regions/us-central1/zones/",
            "project": "coursinfra-370114",
            "region": "us-central1",
            "zone": ""
          },
          "sensitive_attributes": []
        }
      ]
    },
    {
      "mode": "data",
      "type": "terraform_remote_state",
      "name": "gke",
      "provider": "provider[\"terraform.io/builtin/terraform\"]",
      "instances": [
        {
          "schema_version": 0,
          "attributes": {
            "backend": "local",
            "config": {
              "value": {
                "path": "../learn-terraform-provision-gke-cluster/terraform.tfstate"
              },
              "type": [
                "object",
                {
                  "path": "string"
                }
              ]
            },
            "defaults": null,
            "outputs": {
              "value": {
                "kubernetes_cluster_host": "34.71.117.88",
                "kubernetes_cluster_name": "coursinfra-370114-gke",
                "project_id": "coursinfra-370114",
                "region": "us-central1"
              },
              "type": [
                "object",
                {
                  "kubernetes_cluster_host": "string",
                  "kubernetes_cluster_name": "string",
                  "project_id": "string",
                  "region": "string"
                }
              ]
            },
            "workspace": null
          },
          "sensitive_attributes": []
        }
      ]
    },
    {
      "mode": "managed",
      "type": "google_compute_network",
      "name": "MyNetwork",
      "provider": "provider[\"registry.terraform.io/hashicorp/google\"]",
      "instances": [
        {
          "schema_version": 0,
          "attributes": {
            "auto_create_subnetworks": true,
            "delete_default_routes_on_create": false,
            "description": "",
            "gateway_ipv4": "",
            "id": "projects/coursinfra-370114/global/networks/mynetwork",
            "mtu": 1500,
            "name": "mynetwork",
            "project": "coursinfra-370114",
            "routing_mode": "REGIONAL",
            "self_link": "https://www.googleapis.com/compute/v1/projects/coursinfra-370114/global/networks/mynetwork",
            "timeouts": null
          },
          "sensitive_attributes": [],
          "private": "eyJlMmJmYjczMC1lY2FhLTExZTYtOGY4OC0zNDM2M2JjN2M0YzAiOnsiY3JlYXRlIjoyNDAwMDAwMDAwMDAsImRlbGV0ZSI6MjQwMDAwMDAwMDAwLCJ1cGRhdGUiOjI0MDAwMDAwMDAwMH19",
          "dependencies": [
            "data.terraform_remote_state.gke"
          ]
        }
      ]
    }
  ]
}
